
Microsoft Visual Studio Solution File, Format Version 12.00
# Visual Studio Version 16
VisualStudioVersion = 16.0.30804.86
MinimumVisualStudioVersion = 10.0.40219.1
Project("{FAE04EC0-301F-11D3-BF4B-00C04F79EFBC}") = "StoreEverything", "StoreEverything\StoreEverything.csproj", "{C8F60E65-BF1E-440F-8D12-3C1B14F8812E}"
EndProject
Project("{FAE04EC0-301F-11D3-BF4B-00C04F79EFBC}") = "NUnitTestStoreEverything", "NUnitTestStoreEverything\NUnitTestStoreEverything.csproj", "{317AF9FB-782D-435A-8E83-DD930A6233B8}"
EndProject
Global
	GlobalSection(SolutionConfigurationPlatforms) = preSolution
		Debug|Any CPU = Debug|Any CPU
		Release|Any CPU = Release|Any CPU
	EndGlobalSection
	GlobalSection(ProjectConfigurationPlatforms) = postSolution
		{C8F60E65-BF1E-440F-8D12-3C1B14F8812E}.Debug|Any CPU.ActiveCfg = Debug|Any CPU
		{C8F60E65-BF1E-440F-8D12-3C1B14F8812E}.Debug|Any CPU.Build.0 = Debug|Any CPU
		{C8F60E65-BF1E-440F-8D12-3C1B14F8812E}.Release|Any CPU.ActiveCfg = Release|Any CPU
		{C8F60E65-BF1E-440F-8D12-3C1B14F8812E}.Release|Any CPU.Build.0 = Release|Any CPU
		{317AF9FB-782D-435A-8E83-DD930A6233B8}.Debug|Any CPU.ActiveCfg = Debug|Any CPU
		{317AF9FB-782D-435A-8E83-DD930A6233B8}.Debug|Any CPU.Build.0 = Debug|Any CPU
		{317AF9FB-782D-435A-8E83-DD930A6233B8}.Release|Any CPU.ActiveCfg = Release|Any CPU
		{317AF9FB-782D-435A-8E83-DD930A6233B8}.Release|Any CPU.Build.0 = Release|Any CPU
	EndGlobalSection
	GlobalSection(SolutionProperties) = preSolution
		HideSolutionNode = FALSE
	EndGlobalSection
	GlobalSection(ExtensibilityGlobals) = postSolution
		SolutionGuid = {AEF43293-932B-494B-8563-EBA3AD02C8E6}
	EndGlobalSection
EndGlobal
